
Microsoft Visual Studio Solution File, Format Version 12.00
# Visual Studio 2012
Project("{FAE04EC0-301F-11D3-BF4B-00C04F79EFBC}") = "Playlist", "Playlist\Playlist.csproj", "{D593BF18-3A95-413E-A85A-E438A10BF409}"
EndProject
Project("{FAE04EC0-301F-11D3-BF4B-00C04F79EFBC}") = "Playlist.Data", "Playlist.Data\Playlist.Data.csproj", "{B249B789-6425-445D-AF0E-16127D27F144}"
EndProject
Project("{2150E333-8FDC-42A3-9474-1A3956D46DE8}") = ".nuget", ".nuget", "{B6AC413C-5BD6-4EDF-89E8-46C9F8E1D3FC}"
	ProjectSection(SolutionItems) = preProject
		.nuget\NuGet.Config = .nuget\NuGet.Config
		.nuget\NuGet.exe = .nuget\NuGet.exe
		.nuget\NuGet.targets = .nuget\NuGet.targets
	EndProjectSection
EndProject
Global
	GlobalSection(SolutionConfigurationPlatforms) = preSolution
		Debug|Any CPU = Debug|Any CPU
		Release|Any CPU = Release|Any CPU
	EndGlobalSection
	GlobalSection(ProjectConfigurationPlatforms) = postSolution
		{D593BF18-3A95-413E-A85A-E438A10BF409}.Debug|Any CPU.ActiveCfg = Debug|Any CPU
		{D593BF18-3A95-413E-A85A-E438A10BF409}.Debug|Any CPU.Build.0 = Debug|Any CPU
		{D593BF18-3A95-413E-A85A-E438A10BF409}.Release|Any CPU.ActiveCfg = Release|Any CPU
		{D593BF18-3A95-413E-A85A-E438A10BF409}.Release|Any CPU.Build.0 = Release|Any CPU
		{B249B789-6425-445D-AF0E-16127D27F144}.Debug|Any CPU.ActiveCfg = Debug|Any CPU
		{B249B789-6425-445D-AF0E-16127D27F144}.Debug|Any CPU.Build.0 = Debug|Any CPU
		{B249B789-6425-445D-AF0E-16127D27F144}.Release|Any CPU.ActiveCfg = Release|Any CPU
		{B249B789-6425-445D-AF0E-16127D27F144}.Release|Any CPU.Build.0 = Release|Any CPU
	EndGlobalSection
	GlobalSection(SolutionProperties) = preSolution
		HideSolutionNode = FALSE
	EndGlobalSection
EndGlobal
